// !$*UTF8*$!
{
	archiveVersion = 1;
	classes = {
	};
	objectVersion = 50;
	objects = {

/* Begin PBXBuildFile section */
		14D0C27C21074ED700C36086 /* main.cpp in Sources */ = {isa = PBXBuildFile; fileRef = 14D0C27B21074ED700C36086 /* main.cpp */; };
		14D0C2892107561D00C36086 /* libmp3lame.a in Frameworks */ = {isa = PBXBuildFile; fileRef = 14D0C2872107561D00C36086 /* libmp3lame.a */; };
		14D0C28C2107566600C36086 /* Mp3Encoder.cpp in Sources */ = {isa = PBXBuildFile; fileRef = 14D0C28A2107566600C36086 /* Mp3Encoder.cpp */; };
/* End PBXBuildFile section */

/* Begin PBXCopyFilesBuildPhase section */
		14D0C27621074ED700C36086 /* CopyFiles */ = {
			isa = PBXCopyFilesBuildPhase;
			buildActionMask = 2147483647;
			dstPath = /usr/share/man/man1/;
			dstSubfolderSpec = 0;
			files = (
			);
			runOnlyForDeploymentPostprocessing = 1;
		};
/* End PBXCopyFilesBuildPhase section */

/* Begin PBXFileReference section */
		14D0C27821074ED700C36086 /* Mp3Encoder */ = {isa = PBXFileReference; explicitFileType = "compiled.mach-o.executable"; includeInIndex = 0; path = Mp3Encoder; sourceTree = BUILT_PRODUCTS_DIR; };
		14D0C27B21074ED700C36086 /* main.cpp */ = {isa = PBXFileReference; lastKnownFileType = sourcecode.cpp.cpp; path = main.cpp; sourceTree = "<group>"; };
		14D0C2852107561D00C36086 /* lame.h */ = {isa = PBXFileReference; fileEncoding = 4; lastKnownFileType = sourcecode.c.h; path = lame.h; sourceTree = "<group>"; };
		14D0C2872107561D00C36086 /* libmp3lame.a */ = {isa = PBXFileReference; lastKnownFileType = archive.ar; path = libmp3lame.a; sourceTree = "<group>"; };
		14D0C28A2107566600C36086 /* Mp3Encoder.cpp */ = {isa = PBXFileReference; lastKnownFileType = sourcecode.cpp.cpp; path = Mp3Encoder.cpp; sourceTree = "<group>"; };
		14D0C28B2107566600C36086 /* Mp3Encoder.h */ = {isa = PBXFileReference; lastKnownFileType = sourcecode.c.h; path = Mp3Encoder.h; sourceTree = "<group>"; };
/* End PBXFileReference section */

/* Begin PBXFrameworksBuildPhase section */
		14D0C27521074ED700C36086 /* Frameworks */ = {
			isa = PBXFrameworksBuildPhase;
			buildActionMask = 2147483647;
			files = (
				14D0C2892107561D00C36086 /* libmp3lame.a in Frameworks */,
			);
			runOnlyForDeploymentPostprocessing = 0;
		};
/* End PBXFrameworksBuildPhase section */

/* Begin PBXGroup section */
		14D0C26F21074ED700C36086 = {
			isa = PBXGroup;
			children = (
				14D0C27A21074ED700C36086 /* Mp3Encoder */,
				14D0C27921074ED700C36086 /* Products */,
			);
			sourceTree = "<group>";
		};
		14D0C27921074ED700C36086 /* Products */ = {
			isa = PBXGroup;
			children = (
				14D0C27821074ED700C36086 /* Mp3Encoder */,
			);
			name = Products;
			sourceTree = "<group>";
		};
		14D0C27A21074ED700C36086 /* Mp3Encoder */ = {
			isa = PBXGroup;
			children = (
				14D0C2822107561D00C36086 /* lame_x86_64 */,
				14D0C27B21074ED700C36086 /* main.cpp */,
				14D0C28A2107566600C36086 /* Mp3Encoder.cpp */,
				14D0C28B2107566600C36086 /* Mp3Encoder.h */,
			);
			path = Mp3Encoder;
			sourceTree = "<group>";
		};
		14D0C2822107561D00C36086 /* lame_x86_64 */ = {
			isa = PBXGroup;
			children = (
				14D0C2832107561D00C36086 /* include */,
				14D0C2862107561D00C36086 /* lib */,
			);
			path = lame_x86_64;
			sourceTree = "<group>";
		};
		14D0C2832107561D00C36086 /* include */ = {
			isa = PBXGroup;
			children = (
				14D0C2842107561D00C36086 /* lame */,
			);
			path = include;
			sourceTree = "<group>";
		};
		14D0C2842107561D00C36086 /* lame */ = {
			isa = PBXGroup;
			children = (
				14D0C2852107561D00C36086 /* lame.h */,
			);
			path = lame;
			sourceTree = "<group>";
		};
		14D0C2862107561D00C36086 /* lib */ = {
			isa = PBXGroup;
			children = (
				14D0C2872107561D00C36086 /* libmp3lame.a */,
			);
			path = lib;
			sourceTree = "<group>";
		};
/* End PBXGroup section */

/* Begin PBXNativeTarget section */
		14D0C27721074ED700C36086 /* Mp3Encoder */ = {
			isa = PBXNativeTarget;
			buildConfigurationList = 14D0C27F21074ED700C36086 /* Build configuration list for PBXNativeTarget "Mp3Encoder" */;
			buildPhases = (
				14D0C27421074ED700C36086 /* Sources */,
				14D0C27521074ED700C36086 /* Frameworks */,
				14D0C27621074ED700C36086 /* CopyFiles */,
			);
			buildRules = (
			);
			dependencies = (
			);
			name = Mp3Encoder;
			productName = Mp3Encoder;
			productReference = 14D0C27821074ED700C36086 /* Mp3Encoder */;
			productType = "com.apple.product-type.tool";
		};
/* End PBXNativeTarget section */

/* Begin PBXProject section */
		14D0C27021074ED700C36086 /* Project object */ = {
			isa = PBXProject;
			attributes = {
				LastUpgradeCheck = 0940;
				ORGANIZATIONNAME = shenyuanluo;
				TargetAttributes = {
					14D0C27721074ED700C36086 = {
						CreatedOnToolsVersion = 9.4.1;
					};
				};
			};
			buildConfigurationList = 14D0C27321074ED700C36086 /* Build configuration list for PBXProject "Mp3Encoder" */;
			compatibilityVersion = "Xcode 9.3";
			developmentRegion = en;
			hasScannedForEncodings = 0;
			knownRegions = (
				en,
			);
			mainGroup = 14D0C26F21074ED700C36086;
			productRefGroup = 14D0C27921074ED700C36086 /* Products */;
			projectDirPath = "";
			projectRoot = "";
			targets = (
				14D0C27721074ED700C36086 /* Mp3Encoder */,
			);
		};
/* End PBXProject section */

/* Begin PBXSourcesBuildPhase section */
		14D0C27421074ED700C36086 /* Sources */ = {
			isa = PBXSourcesBuildPhase;
			buildActionMask = 2147483647;
			files = (
				14D0C27C21074ED700C36086 /* main.cpp in Sources */,
				14D0C28C2107566600C36086 /* Mp3Encoder.cpp in Sources */,
			);
			runOnlyForDeploymentPostprocessing = 0;
		};
/* End PBXSourcesBuildPhase section */

/* Begin XCBuildConfiguration section */
		14D0C27D21074ED700C36086 /* Debug */ = {
			isa = XCBuildConfiguration;
			buildSettings = {
				ALWAYS_SEARCH_USER_PATHS = NO;
				CLANG_ANALYZER_NONNULL = YES;
				CLANG_ANALYZER_NUMBER_OBJECT_CONVERSION = YES_AGGRESSIVE;
				CLANG_CXX_LANGUAGE_STANDARD = "gnu++14";
				CLANG_CXX_LIBRARY = "libc++";
				CLANG_ENABLE_MODULES = YES;
				CLANG_ENABLE_OBJC_ARC = YES;
				CLANG_ENABLE_OBJC_WEAK = YES;
				CLANG_WARN_BLOCK_CAPTURE_AUTORELEASING = YES;
				CLANG_WARN_BOOL_CONVERSION = YES;
				CLANG_WARN_COMMA = YES;
				CLANG_WARN_CONSTANT_CONVERSION = YES;
				CLANG_WARN_DEPRECATED_OBJC_IMPLEMENTATIONS = YES;
				CLANG_WARN_DIRECT_OBJC_ISA_USAGE = YES_ERROR;
				CLANG_WARN_DOCUMENTATION_COMMENTS = YES;
				CLANG_WARN_EMPTY_BODY = YES;
				CLANG_WARN_ENUM_CONVERSION = YES;
				CLANG_WARN_INFINITE_RECURSION = YES;
				CLANG_WARN_INT_CONVERSION = YES;
				CLANG_WARN_NON_LITERAL_NULL_CONVERSION = YES;
				CLANG_WARN_OBJC_IMPLICIT_RETAIN_SELF = YES;
				CLANG_WARN_OBJC_LITERAL_CONVERSION = YES;
				CLANG_WARN_OBJC_ROOT_CLASS = YES_ERROR;
				CLANG_WARN_RANGE_LOOP_ANALYSIS = YES;
				CLANG_WARN_STRICT_PROTOTYPES = YES;
				CLANG_WARN_SUSPICIOUS_MOVE = YES;
				CLANG_WARN_UNGUARDED_AVAILABILITY = YES_AGGRESSIVE;
				CLANG_WARN_UNREACHABLE_CODE = YES;
				CLANG_WARN__DUPLICATE_METHOD_MATCH = YES;
				CODE_SIGN_IDENTITY = "-";
				COPY_PHASE_STRIP = NO;
				DEBUG_INFORMATION_FORMAT = dwarf;
				ENABLE_STRICT_OBJC_MSGSEND = YES;
				ENABLE_TESTABILITY = YES;
				GCC_C_LANGUAGE_STANDARD = gnu11;
				GCC_DYNAMIC_NO_PIC = NO;
				GCC_NO_COMMON_BLOCKS = YES;
				GCC_OPTIMIZATION_LEVEL = 0;
				GCC_PREPROCESSOR_DEFINITIONS = (
					"DEBUG=1",
					"$(inherited)",
				);
				GCC_WARN_64_TO_32_BIT_CONVERSION = YES;
				GCC_WARN_ABOUT_RETURN_TYPE = YES_ERROR;
				GCC_WARN_UNDECLARED_SELECTOR = YES;
				GCC_WARN_UNINITIALIZED_AUTOS = YES_AGGRESSIVE;
				GCC_WARN_UNUSED_FUNCTION = YES;
				GCC_WARN_UNUSED_VARIABLE = YES;
				MACOSX_DEPLOYMENT_TARGET = 10.13;
				MTL_ENABLE_DEBUG_INFO = YES;
				ONLY_ACTIVE_ARCH = YES;
				SDKROOT = macosx;
			};
			name = Debug;
		};
		14D0C27E21074ED700C36086 /* Release */ = {
			isa = XCBuildConfiguration;
			buildSettings = {
				ALWAYS_SEARCH_USER_PATHS = NO;
				CLANG_ANALYZER_NONNULL = YES;
				CLANG_ANALYZER_NUMBER_OBJECT_CONVERSION = YES_AGGRESSIVE;
				CLANG_CXX_LANGUAGE_STANDARD = "gnu++14";
				CLANG_CXX_LIBRARY = "libc++";
				CLANG_ENABLE_MODULES = YES;
				CLANG_ENABLE_OBJC_ARC = YES;
				CLANG_ENABLE_OBJC_WEAK = YES;
				CLANG_WARN_BLOCK_CAPTURE_AUTORELEASING = YES;
				CLANG_WARN_BOOL_CONVERSION = YES;
				CLANG_WARN_COMMA = YES;
				CLANG_WARN_CONSTANT_CONVERSION = YES;
				CLANG_WARN_DEPRECATED_OBJC_IMPLEMENTATIONS = YES;
				CLANG_WARN_DIRECT_OBJC_ISA_USAGE = YES_ERROR;
				CLANG_WARN_DOCUMENTATION_COMMENTS = YES;
				CLANG_WARN_EMPTY_BODY = YES;
				CLANG_WARN_ENUM_CONVERSION = YES;
				CLANG_WARN_INFINITE_RECURSION = YES;
				CLANG_WARN_INT_CONVERSION = YES;
				CLANG_WARN_NON_LITERAL_NULL_CONVERSION = YES;
				CLANG_WARN_OBJC_IMPLICIT_RETAIN_SELF = YES;
				CLANG_WARN_OBJC_LITERAL_CONVERSION = YES;
				CLANG_WARN_OBJC_ROOT_CLASS = YES_ERROR;
				CLANG_WARN_RANGE_LOOP_ANALYSIS = YES;
				CLANG_WARN_STRICT_PROTOTYPES = YES;
				CLANG_WARN_SUSPICIOUS_MOVE = YES;
				CLANG_WARN_UNGUARDED_AVAILABILITY = YES_AGGRESSIVE;
				CLANG_WARN_UNREACHABLE_CODE = YES;
				CLANG_WARN__DUPLICATE_METHOD_MATCH = YES;
				CODE_SIGN_IDENTITY = "-";
				COPY_PHASE_STRIP = NO;
				DEBUG_INFORMATION_FORMAT = "dwarf-with-dsym";
				ENABLE_NS_ASSERTIONS = NO;
				ENABLE_STRICT_OBJC_MSGSEND = YES;
				GCC_C_LANGUAGE_STANDARD = gnu11;
				GCC_NO_COMMON_BLOCKS = YES;
				GCC_WARN_64_TO_32_BIT_CONVERSION = YES;
				GCC_WARN_ABOUT_RETURN_TYPE = YES_ERROR;
				GCC_WARN_UNDECLARED_SELECTOR = YES;
				GCC_WARN_UNINITIALIZED_AUTOS = YES_AGGRESSIVE;
				GCC_WARN_UNUSED_FUNCTION = YES;
				GCC_WARN_UNUSED_VARIABLE = YES;
				MACOSX_DEPLOYMENT_TARGET = 10.13;
				MTL_ENABLE_DEBUG_INFO = NO;
				SDKROOT = macosx;
			};
			name = Release;
		};
		14D0C28021074ED700C36086 /* Debug */ = {
			isa = XCBuildConfiguration;
			buildSettings = {
				CODE_SIGN_STYLE = Automatic;
				LIBRARY_SEARCH_PATHS = (
					"$(inherited)",
					"$(PROJECT_DIR)/Mp3Encoder/lame_x86_64/lib",
				);
				PRODUCT_NAME = "$(TARGET_NAME)";
			};
			name = Debug;
		};
		14D0C28121074ED700C36086 /* Release */ = {
			isa = XCBuildConfiguration;
			buildSettings = {
				CODE_SIGN_STYLE = Automatic;
				LIBRARY_SEARCH_PATHS = (
					"$(inherited)",
					"$(PROJECT_DIR)/Mp3Encoder/lame_x86_64/lib",
				);
				PRODUCT_NAME = "$(TARGET_NAME)";
			};
			name = Release;
		};
/* End XCBuildConfiguration section */

/* Begin XCConfigurationList section */
		14D0C27321074ED700C36086 /* Build configuration list for PBXProject "Mp3Encoder" */ = {
			isa = XCConfigurationList;
			buildConfigurations = (
				14D0C27D21074ED700C36086 /* Debug */,
				14D0C27E21074ED700C36086 /* Release */,
			);
			defaultConfigurationIsVisible = 0;
			defaultConfigurationName = Release;
		};
		14D0C27F21074ED700C36086 /* Build configuration list for PBXNativeTarget "Mp3Encoder" */ = {
			isa = XCConfigurationList;
			buildConfigurations = (
				14D0C28021074ED700C36086 /* Debug */,
				14D0C28121074ED700C36086 /* Release */,
			);
			defaultConfigurationIsVisible = 0;
			defaultConfigurationName = Release;
		};
/* End XCConfigurationList section */
	};
	rootObject = 14D0C27021074ED700C36086 /* Project object */;
}
